// !$*UTF8*$!
{
	archiveVersion = 1;
	classes = {
	};
	objectVersion = 56;
	objects = {

/* Begin PBXBuildFile section */
		5BB88E0DBDD99E03F2695045 /* Pods_PopinDemo.framework in Frameworks */ = {isa = PBXBuildFile; fileRef = 0542E8C0593F359F33463721 /* Pods_PopinDemo.framework */; };
		CF78A0592977AA1E007BAFA0 /* AppDelegate.swift in Sources */ = {isa = PBXBuildFile; fileRef = CF78A0582977AA1E007BAFA0 /* AppDelegate.swift */; };
		CF78A05B2977AA1E007BAFA0 /* SceneDelegate.swift in Sources */ = {isa = PBXBuildFile; fileRef = CF78A05A2977AA1E007BAFA0 /* SceneDelegate.swift */; };
		CF78A05D2977AA1E007BAFA0 /* ViewController.swift in Sources */ = {isa = PBXBuildFile; fileRef = CF78A05C2977AA1E007BAFA0 /* ViewController.swift */; };
		CF78A0602977AA1E007BAFA0 /* Main.storyboard in Resources */ = {isa = PBXBuildFile; fileRef = CF78A05E2977AA1E007BAFA0 /* Main.storyboard */; };
		CF78A0622977AA1F007BAFA0 /* Assets.xcassets in Resources */ = {isa = PBXBuildFile; fileRef = CF78A0612977AA1F007BAFA0 /* Assets.xcassets */; };
		CF78A0652977AA1F007BAFA0 /* LaunchScreen.storyboard in Resources */ = {isa = PBXBuildFile; fileRef = CF78A0632977AA1F007BAFA0 /* LaunchScreen.storyboard */; };
/* End PBXBuildFile section */

/* Begin PBXFileReference section */
		0542E8C0593F359F33463721 /* Pods_PopinDemo.framework */ = {isa = PBXFileReference; explicitFileType = wrapper.framework; includeInIndex = 0; path = Pods_PopinDemo.framework; sourceTree = BUILT_PRODUCTS_DIR; };
		192AB1347A14E681038AEB03 /* Pods-PopinDemo.debug.xcconfig */ = {isa = PBXFileReference; includeInIndex = 1; lastKnownFileType = text.xcconfig; name = "Pods-PopinDemo.debug.xcconfig"; path = "Target Support Files/Pods-PopinDemo/Pods-PopinDemo.debug.xcconfig"; sourceTree = "<group>"; };
		CF78A0552977AA1E007BAFA0 /* PopinDemo.app */ = {isa = PBXFileReference; explicitFileType = wrapper.application; includeInIndex = 0; path = PopinDemo.app; sourceTree = BUILT_PRODUCTS_DIR; };
		CF78A0582977AA1E007BAFA0 /* AppDelegate.swift */ = {isa = PBXFileReference; lastKnownFileType = sourcecode.swift; path = AppDelegate.swift; sourceTree = "<group>"; };
		CF78A05A2977AA1E007BAFA0 /* SceneDelegate.swift */ = {isa = PBXFileReference; lastKnownFileType = sourcecode.swift; path = SceneDelegate.swift; sourceTree = "<group>"; };
		CF78A05C2977AA1E007BAFA0 /* ViewController.swift */ = {isa = PBXFileReference; lastKnownFileType = sourcecode.swift; path = ViewController.swift; sourceTree = "<group>"; };
		CF78A05F2977AA1E007BAFA0 /* Base */ = {isa = PBXFileReference; lastKnownFileType = file.storyboard; name = Base; path = Base.lproj/Main.storyboard; sourceTree = "<group>"; };
		CF78A0612977AA1F007BAFA0 /* Assets.xcassets */ = {isa = PBXFileReference; lastKnownFileType = folder.assetcatalog; path = Assets.xcassets; sourceTree = "<group>"; };
		CF78A0642977AA1F007BAFA0 /* Base */ = {isa = PBXFileReference; lastKnownFileType = file.storyboard; name = Base; path = Base.lproj/LaunchScreen.storyboard; sourceTree = "<group>"; };
		CF78A0662977AA1F007BAFA0 /* Info.plist */ = {isa = PBXFileReference; lastKnownFileType = text.plist.xml; path = Info.plist; sourceTree = "<group>"; };
		E9E38BAB61C2D63A64F2A2A8 /* Pods-PopinDemo.release.xcconfig */ = {isa = PBXFileReference; includeInIndex = 1; lastKnownFileType = text.xcconfig; name = "Pods-PopinDemo.release.xcconfig"; path = "Target Support Files/Pods-PopinDemo/Pods-PopinDemo.release.xcconfig"; sourceTree = "<group>"; };
/* End PBXFileReference section */

/* Begin PBXFrameworksBuildPhase section */
		CF78A0522977AA1E007BAFA0 /* Frameworks */ = {
			isa = PBXFrameworksBuildPhase;
			buildActionMask = 2147483647;
			files = (
				5BB88E0DBDD99E03F2695045 /* Pods_PopinDemo.framework in Frameworks */,
			);
			runOnlyForDeploymentPostprocessing = 0;
		};
/* End PBXFrameworksBuildPhase section */

/* Begin PBXGroup section */
		4309039326C72290FF228A75 /* Frameworks */ = {
			isa = PBXGroup;
			children = (
				0542E8C0593F359F33463721 /* Pods_PopinDemo.framework */,
			);
			name = Frameworks;
			sourceTree = "<group>";
		};
		B1EB3E406FBC8C9B97936E21 /* Pods */ = {
			isa = PBXGroup;
			children = (
				192AB1347A14E681038AEB03 /* Pods-PopinDemo.debug.xcconfig */,
				E9E38BAB61C2D63A64F2A2A8 /* Pods-PopinDemo.release.xcconfig */,
			);
			path = Pods;
			sourceTree = "<group>";
		};
		CF78A04C2977AA1E007BAFA0 = {
			isa = PBXGroup;
			children = (
				CF78A0572977AA1E007BAFA0 /* PopinDemo */,
				CF78A0562977AA1E007BAFA0 /* Products */,
				B1EB3E406FBC8C9B97936E21 /* Pods */,
				4309039326C72290FF228A75 /* Frameworks */,
			);
			sourceTree = "<group>";
		};
		CF78A0562977AA1E007BAFA0 /* Products */ = {
			isa = PBXGroup;
			children = (
				CF78A0552977AA1E007BAFA0 /* PopinDemo.app */,
			);
			name = Products;
			sourceTree = "<group>";
		};
		CF78A0572977AA1E007BAFA0 /* PopinDemo */ = {
			isa = PBXGroup;
			children = (
				CF78A0582977AA1E007BAFA0 /* AppDelegate.swift */,
				CF78A05A2977AA1E007BAFA0 /* SceneDelegate.swift */,
				CF78A05C2977AA1E007BAFA0 /* ViewController.swift */,
				CF78A05E2977AA1E007BAFA0 /* Main.storyboard */,
				CF78A0612977AA1F007BAFA0 /* Assets.xcassets */,
				CF78A0632977AA1F007BAFA0 /* LaunchScreen.storyboard */,
				CF78A0662977AA1F007BAFA0 /* Info.plist */,
			);
			path = PopinDemo;
			sourceTree = "<group>";
		};
/* End PBXGroup section */

/* Begin PBXNativeTarget section */
		CF78A0542977AA1E007BAFA0 /* PopinDemo */ = {
			isa = PBXNativeTarget;
			buildConfigurationList = CF78A0692977AA1F007BAFA0 /* Build configuration list for PBXNativeTarget "PopinDemo" */;
			buildPhases = (
				E86DB5EE49BEA33710BB11FC /* [CP] Check Pods Manifest.lock */,
				CF78A0512977AA1E007BAFA0 /* Sources */,
				CF78A0522977AA1E007BAFA0 /* Frameworks */,
				CF78A0532977AA1E007BAFA0 /* Resources */,
				211ACAF2DBC9A5BA31B7DF5B /* [CP] Embed Pods Frameworks */,
			);
			buildRules = (
			);
			dependencies = (
			);
			name = PopinDemo;
			productName = PopinDemo;
			productReference = CF78A0552977AA1E007BAFA0 /* PopinDemo.app */;
			productType = "com.apple.product-type.application";
		};
/* End PBXNativeTarget section */

/* Begin PBXProject section */
		CF78A04D2977AA1E007BAFA0 /* Project object */ = {
			isa = PBXProject;
			attributes = {
				BuildIndependentTargetsInParallel = 1;
				LastSwiftUpdateCheck = 1420;
				LastUpgradeCheck = 1420;
				TargetAttributes = {
					CF78A0542977AA1E007BAFA0 = {
						CreatedOnToolsVersion = 14.2;
					};
				};
			};
			buildConfigurationList = CF78A0502977AA1E007BAFA0 /* Build configuration list for PBXProject "PopinDemo" */;
			compatibilityVersion = "Xcode 14.0";
			developmentRegion = en;
			hasScannedForEncodings = 0;
			knownRegions = (
				en,
				Base,
			);
			mainGroup = CF78A04C2977AA1E007BAFA0;
			productRefGroup = CF78A0562977AA1E007BAFA0 /* Products */;
			projectDirPath = "";
			projectRoot = "";
			targets = (
				CF78A0542977AA1E007BAFA0 /* PopinDemo */,
			);
		};
/* End PBXProject section */

/* Begin PBXResourcesBuildPhase section */
		CF78A0532977AA1E007BAFA0 /* Resources */ = {
			isa = PBXResourcesBuildPhase;
			buildActionMask = 2147483647;
			files = (
				CF78A0652977AA1F007BAFA0 /* LaunchScreen.storyboard in Resources */,
				CF78A0622977AA1F007BAFA0 /* Assets.xcassets in Resources */,
				CF78A0602977AA1E007BAFA0 /* Main.storyboard in Resources */,
			);
			runOnlyForDeploymentPostprocessing = 0;
		};
/* End PBXResourcesBuildPhase section */

/* Begin PBXShellScriptBuildPhase section */
		211ACAF2DBC9A5BA31B7DF5B /* [CP] Embed Pods Frameworks */ = {
			isa = PBXShellScriptBuildPhase;
			buildActionMask = 2147483647;
			files = (
			);
			inputFileListPaths = (
				"${PODS_ROOT}/Target Support Files/Pods-PopinDemo/Pods-PopinDemo-frameworks-${CONFIGURATION}-input-files.xcfilelist",
			);
			name = "[CP] Embed Pods Frameworks";
			outputFileListPaths = (
				"${PODS_ROOT}/Target Support Files/Pods-PopinDemo/Pods-PopinDemo-frameworks-${CONFIGURATION}-output-files.xcfilelist",
			);
			runOnlyForDeploymentPostprocessing = 0;
			shellPath = /bin/sh;
			shellScript = "\"${PODS_ROOT}/Target Support Files/Pods-PopinDemo/Pods-PopinDemo-frameworks.sh\"\n";
			showEnvVarsInLog = 0;
		};
		E86DB5EE49BEA33710BB11FC /* [CP] Check Pods Manifest.lock */ = {
			isa = PBXShellScriptBuildPhase;
			buildActionMask = 2147483647;
			files = (
			);
			inputFileListPaths = (
			);
			inputPaths = (
				"${PODS_PODFILE_DIR_PATH}/Podfile.lock",
				"${PODS_ROOT}/Manifest.lock",
			);
			name = "[CP] Check Pods Manifest.lock";
			outputFileListPaths = (
			);
			outputPaths = (
				"$(DERIVED_FILE_DIR)/Pods-PopinDemo-checkManifestLockResult.txt",
			);
			runOnlyForDeploymentPostprocessing = 0;
			shellPath = /bin/sh;
			shellScript = "diff \"${PODS_PODFILE_DIR_PATH}/Podfile.lock\" \"${PODS_ROOT}/Manifest.lock\" > /dev/null\nif [ $? != 0 ] ; then\n    # print error to STDERR\n    echo \"error: The sandbox is not in sync with the Podfile.lock. Run 'pod install' or update your CocoaPods installation.\" >&2\n    exit 1\nfi\n# This output is used by Xcode 'outputs' to avoid re-running this script phase.\necho \"SUCCESS\" > \"${SCRIPT_OUTPUT_FILE_0}\"\n";
			showEnvVarsInLog = 0;
		};
/* End PBXShellScriptBuildPhase section */

/* Begin PBXSourcesBuildPhase section */
		CF78A0512977AA1E007BAFA0 /* Sources */ = {
			isa = PBXSourcesBuildPhase;
			buildActionMask = 2147483647;
			files = (
				CF78A05D2977AA1E007BAFA0 /* ViewController.swift in Sources */,
				CF78A0592977AA1E007BAFA0 /* AppDelegate.swift in Sources */,
				CF78A05B2977AA1E007BAFA0 /* SceneDelegate.swift in Sources */,
			);
			runOnlyForDeploymentPostprocessing = 0;
		};
/* End PBXSourcesBuildPhase section */

/* Begin PBXVariantGroup section */
		CF78A05E2977AA1E007BAFA0 /* Main.storyboard */ = {
			isa = PBXVariantGroup;
			children = (
				CF78A05F2977AA1E007BAFA0 /* Base */,
			);
			name = Main.storyboard;
			sourceTree = "<group>";
		};
		CF78A0632977AA1F007BAFA0 /* LaunchScreen.storyboard */ = {
			isa = PBXVariantGroup;
			children = (
				CF78A0642977AA1F007BAFA0 /* Base */,
			);
			name = LaunchScreen.storyboard;
			sourceTree = "<group>";
		};
/* End PBXVariantGroup section */

/* Begin XCBuildConfiguration section */
		CF78A0672977AA1F007BAFA0 /* Debug */ = {
			isa = XCBuildConfiguration;
			buildSettings = {
				ALWAYS_SEARCH_USER_PATHS = NO;
				CLANG_ANALYZER_NONNULL = YES;
				CLANG_ANALYZER_NUMBER_OBJECT_CONVERSION = YES_AGGRESSIVE;
				CLANG_CXX_LANGUAGE_STANDARD = "gnu++20";
				CLANG_ENABLE_MODULES = YES;
				CLANG_ENABLE_OBJC_ARC = YES;
				CLANG_ENABLE_OBJC_WEAK = YES;
				CLANG_WARN_BLOCK_CAPTURE_AUTORELEASING = YES;
				CLANG_WARN_BOOL_CONVERSION = YES;
				CLANG_WARN_COMMA = YES;
				CLANG_WARN_CONSTANT_CONVERSION = YES;
				CLANG_WARN_DEPRECATED_OBJC_IMPLEMENTATIONS = YES;
				CLANG_WARN_DIRECT_OBJC_ISA_USAGE = YES_ERROR;
				CLANG_WARN_DOCUMENTATION_COMMENTS = YES;
				CLANG_WARN_EMPTY_BODY = YES;
				CLANG_WARN_ENUM_CONVERSION = YES;
				CLANG_WARN_INFINITE_RECURSION = YES;
				CLANG_WARN_INT_CONVERSION = YES;
				CLANG_WARN_NON_LITERAL_NULL_CONVERSION = YES;
				CLANG_WARN_OBJC_IMPLICIT_RETAIN_SELF = YES;
				CLANG_WARN_OBJC_LITERAL_CONVERSION = YES;
				CLANG_WARN_OBJC_ROOT_CLASS = YES_ERROR;
				CLANG_WARN_QUOTED_INCLUDE_IN_FRAMEWORK_HEADER = YES;
				CLANG_WARN_RANGE_LOOP_ANALYSIS = YES;
				CLANG_WARN_STRICT_PROTOTYPES = YES;
				CLANG_WARN_SUSPICIOUS_MOVE = YES;
				CLANG_WARN_UNGUARDED_AVAILABILITY = YES_AGGRESSIVE;
				CLANG_WARN_UNREACHABLE_CODE = YES;
				CLANG_WARN__DUPLICATE_METHOD_MATCH = YES;
				COPY_PHASE_STRIP = NO;
				DEBUG_INFORMATION_FORMAT = dwarf;
				ENABLE_STRICT_OBJC_MSGSEND = YES;
				ENABLE_TESTABILITY = YES;
				GCC_C_LANGUAGE_STANDARD = gnu11;
				GCC_DYNAMIC_NO_PIC = NO;
				GCC_NO_COMMON_BLOCKS = YES;
				GCC_OPTIMIZATION_LEVEL = 0;
				GCC_PREPROCESSOR_DEFINITIONS = (
					"DEBUG=1",
					"$(inherited)",
				);
				GCC_WARN_64_TO_32_BIT_CONVERSION = YES;
				GCC_WARN_ABOUT_RETURN_TYPE = YES_ERROR;
				GCC_WARN_UNDECLARED_SELECTOR = YES;
				GCC_WARN_UNINITIALIZED_AUTOS = YES_AGGRESSIVE;
				GCC_WARN_UNUSED_FUNCTION = YES;
				GCC_WARN_UNUSED_VARIABLE = YES;
				IPHONEOS_DEPLOYMENT_TARGET = 16.2;
				MTL_ENABLE_DEBUG_INFO = INCLUDE_SOURCE;
				MTL_FAST_MATH = YES;
				ONLY_ACTIVE_ARCH = YES;
				SDKROOT = iphoneos;
				SWIFT_ACTIVE_COMPILATION_CONDITIONS = DEBUG;
				SWIFT_OPTIMIZATION_LEVEL = "-Onone";
			};
			name = Debug;
		};
		CF78A0682977AA1F007BAFA0 /* Release */ = {
			isa = XCBuildConfiguration;
			buildSettings = {
				ALWAYS_SEARCH_USER_PATHS = NO;
				CLANG_ANALYZER_NONNULL = YES;
				CLANG_ANALYZER_NUMBER_OBJECT_CONVERSION = YES_AGGRESSIVE;
				CLANG_CXX_LANGUAGE_STANDARD = "gnu++20";
				CLANG_ENABLE_MODULES = YES;
				CLANG_ENABLE_OBJC_ARC = YES;
				CLANG_ENABLE_OBJC_WEAK = YES;
				CLANG_WARN_BLOCK_CAPTURE_AUTORELEASING = YES;
				CLANG_WARN_BOOL_CONVERSION = YES;
				CLANG_WARN_COMMA = YES;
				CLANG_WARN_CONSTANT_CONVERSION = YES;
				CLANG_WARN_DEPRECATED_OBJC_IMPLEMENTATIONS = YES;
				CLANG_WARN_DIRECT_OBJC_ISA_USAGE = YES_ERROR;
				CLANG_WARN_DOCUMENTATION_COMMENTS = YES;
				CLANG_WARN_EMPTY_BODY = YES;
				CLANG_WARN_ENUM_CONVERSION = YES;
				CLANG_WARN_INFINITE_RECURSION = YES;
				CLANG_WARN_INT_CONVERSION = YES;
				CLANG_WARN_NON_LITERAL_NULL_CONVERSION = YES;
				CLANG_WARN_OBJC_IMPLICIT_RETAIN_SELF = YES;
				CLANG_WARN_OBJC_LITERAL_CONVERSION = YES;
				CLANG_WARN_OBJC_ROOT_CLASS = YES_ERROR;
				CLANG_WARN_QUOTED_INCLUDE_IN_FRAMEWORK_HEADER = YES;
				CLANG_WARN_RANGE_LOOP_ANALYSIS = YES;
				CLANG_WARN_STRICT_PROTOTYPES = YES;
				CLANG_WARN_SUSPICIOUS_MOVE = YES;
				CLANG_WARN_UNGUARDED_AVAILABILITY = YES_AGGRESSIVE;
				CLANG_WARN_UNREACHABLE_CODE = YES;
				CLANG_WARN__DUPLICATE_METHOD_MATCH = YES;
				COPY_PHASE_STRIP = NO;
				DEBUG_INFORMATION_FORMAT = "dwarf-with-dsym";
				ENABLE_NS_ASSERTIONS = NO;
				ENABLE_STRICT_OBJC_MSGSEND = YES;
				GCC_C_LANGUAGE_STANDARD = gnu11;
				GCC_NO_COMMON_BLOCKS = YES;
				GCC_WARN_64_TO_32_BIT_CONVERSION = YES;
				GCC_WARN_ABOUT_RETURN_TYPE = YES_ERROR;
				GCC_WARN_UNDECLARED_SELECTOR = YES;
				GCC_WARN_UNINITIALIZED_AUTOS = YES_AGGRESSIVE;
				GCC_WARN_UNUSED_FUNCTION = YES;
				GCC_WARN_UNUSED_VARIABLE = YES;
				IPHONEOS_DEPLOYMENT_TARGET = 16.2;
				MTL_ENABLE_DEBUG_INFO = NO;
				MTL_FAST_MATH = YES;
				SDKROOT = iphoneos;
				SWIFT_COMPILATION_MODE = wholemodule;
				SWIFT_OPTIMIZATION_LEVEL = "-O";
				VALIDATE_PRODUCT = YES;
			};
			name = Release;
		};
		CF78A06A2977AA1F007BAFA0 /* Debug */ = {
			isa = XCBuildConfiguration;
			baseConfigurationReference = 192AB1347A14E681038AEB03 /* Pods-PopinDemo.debug.xcconfig */;
			buildSettings = {
				ASSETCATALOG_COMPILER_APPICON_NAME = AppIcon;
				ASSETCATALOG_COMPILER_GLOBAL_ACCENT_COLOR_NAME = AccentColor;
				CODE_SIGN_STYLE = Automatic;
				CURRENT_PROJECT_VERSION = 1;
				DEVELOPMENT_TEAM = N8FN54M89W;
				GENERATE_INFOPLIST_FILE = YES;
				INFOPLIST_FILE = PopinDemo/Info.plist;
				INFOPLIST_KEY_UIApplicationSupportsIndirectInputEvents = YES;
				INFOPLIST_KEY_UILaunchStoryboardName = LaunchScreen;
				INFOPLIST_KEY_UIMainStoryboardFile = Main;
				INFOPLIST_KEY_UISupportedInterfaceOrientations_iPad = "UIInterfaceOrientationPortrait UIInterfaceOrientationPortraitUpsideDown UIInterfaceOrientationLandscapeLeft UIInterfaceOrientationLandscapeRight";
				INFOPLIST_KEY_UISupportedInterfaceOrientations_iPhone = "UIInterfaceOrientationPortrait UIInterfaceOrientationLandscapeLeft UIInterfaceOrientationLandscapeRight";
				LD_RUNPATH_SEARCH_PATHS = (
					"$(inherited)",
					"@executable_path/Frameworks",
				);
				MARKETING_VERSION = 1.0;
				PRODUCT_BUNDLE_IDENTIFIER = to.popin.iosdemo.PopinDemo;
				PRODUCT_NAME = "$(TARGET_NAME)";
				SWIFT_EMIT_LOC_STRINGS = YES;
				SWIFT_VERSION = 5.0;
				TARGETED_DEVICE_FAMILY = "1,2";
			};
			name = Debug;
		};
		CF78A06B2977AA1F007BAFA0 /* Release */ = {
			isa = XCBuildConfiguration;
			baseConfigurationReference = E9E38BAB61C2D63A64F2A2A8 /* Pods-PopinDemo.release.xcconfig */;
			buildSettings = {
				ASSETCATALOG_COMPILER_APPICON_NAME = AppIcon;
				ASSETCATALOG_COMPILER_GLOBAL_ACCENT_COLOR_NAME = AccentColor;
				CODE_SIGN_STYLE = Automatic;
				CURRENT_PROJECT_VERSION = 1;
				DEVELOPMENT_TEAM = N8FN54M89W;
				GENERATE_INFOPLIST_FILE = YES;
				INFOPLIST_FILE = PopinDemo/Info.plist;
				INFOPLIST_KEY_UIApplicationSupportsIndirectInputEvents = YES;
				INFOPLIST_KEY_UILaunchStoryboardName = LaunchScreen;
				INFOPLIST_KEY_UIMainStoryboardFile = Main;
				INFOPLIST_KEY_UISupportedInterfaceOrientations_iPad = "UIInterfaceOrientationPortrait UIInterfaceOrientationPortraitUpsideDown UIInterfaceOrientationLandscapeLeft UIInterfaceOrientationLandscapeRight";
				INFOPLIST_KEY_UISupportedInterfaceOrientations_iPhone = "UIInterfaceOrientationPortrait UIInterfaceOrientationLandscapeLeft UIInterfaceOrientationLandscapeRight";
				LD_RUNPATH_SEARCH_PATHS = (
					"$(inherited)",
					"@executable_path/Frameworks",
				);
				MARKETING_VERSION = 1.0;
				PRODUCT_BUNDLE_IDENTIFIER = to.popin.iosdemo.PopinDemo;
				PRODUCT_NAME = "$(TARGET_NAME)";
				SWIFT_EMIT_LOC_STRINGS = YES;
				SWIFT_VERSION = 5.0;
				TARGETED_DEVICE_FAMILY = "1,2";
			};
			name = Release;
		};
/* End XCBuildConfiguration section */

/* Begin XCConfigurationList section */
		CF78A0502977AA1E007BAFA0 /* Build configuration list for PBXProject "PopinDemo" */ = {
			isa = XCConfigurationList;
			buildConfigurations = (
				CF78A0672977AA1F007BAFA0 /* Debug */,
				CF78A0682977AA1F007BAFA0 /* Release */,
			);
			defaultConfigurationIsVisible = 0;
			defaultConfigurationName = Release;
		};
		CF78A0692977AA1F007BAFA0 /* Build configuration list for PBXNativeTarget "PopinDemo" */ = {
			isa = XCConfigurationList;
			buildConfigurations = (
				CF78A06A2977AA1F007BAFA0 /* Debug */,
				CF78A06B2977AA1F007BAFA0 /* Release */,
			);
			defaultConfigurationIsVisible = 0;
			defaultConfigurationName = Release;
		};
/* End XCConfigurationList section */
	};
	rootObject = CF78A04D2977AA1E007BAFA0 /* Project object */;
}
